{
  "version": 4,
  "terraform_version": "1.0.2",
  "serial": 2,
  "lineage": "14948035-253c-2ea5-a9c3-15c45527ad62",
  "outputs": {
    "ansible_master_private_ip": {
      "value": "172.31.2.175",
      "type": "string"
    },
    "ansible_master_public_ip": {
      "value": "3.68.221.208",
      "type": "string"
    }
  },
  "resources": [
    {
      "mode": "data",
      "type": "aws_security_group",
      "name": "SSH-Anywhere",
      "provider": "provider[\"registry.terraform.io/hashicorp/aws\"]",
      "instances": [
        {
          "schema_version": 0,
          "attributes": {
            "arn": "arn:aws:ec2:eu-central-1:559140582573:security-group/sg-0e238b998c8b2458c",
            "description": "SSH-Anywhere",
            "filter": null,
            "id": "sg-0e238b998c8b2458c",
            "name": "SSH-Anywhere",
            "tags": {
              "Name": "SSH-Anywhere"
            },
            "vpc_id": "vpc-b172ebdb"
          },
          "sensitive_attributes": []
        }
      ]
    },
    {
      "mode": "managed",
      "type": "aws_instance",
      "name": "Ansible-Master",
      "provider": "provider[\"registry.terraform.io/hashicorp/aws\"]",
      "instances": [
        {
          "schema_version": 1,
          "attributes": {
            "ami": "ami-0bad4a5e987bdebde",
            "arn": "arn:aws:ec2:eu-central-1:559140582573:instance/i-0a19eb77065c9ec7d",
            "associate_public_ip_address": true,
            "availability_zone": "eu-central-1c",
            "capacity_reservation_specification": [
              {
                "capacity_reservation_preference": "open",
                "capacity_reservation_target": []
              }
            ],
            "cpu_core_count": 1,
            "cpu_threads_per_core": 1,
            "credit_specification": [
              {
                "cpu_credits": "standard"
              }
            ],
            "disable_api_termination": false,
            "ebs_block_device": [],
            "ebs_optimized": false,
            "enclave_options": [
              {
                "enabled": false
              }
            ],
            "ephemeral_block_device": [],
            "get_password_data": false,
            "hibernation": false,
            "host_id": null,
            "iam_instance_profile": "",
            "id": "i-0a19eb77065c9ec7d",
            "instance_initiated_shutdown_behavior": "stop",
            "instance_state": "running",
            "instance_type": "t2.micro",
            "ipv6_address_count": 0,
            "ipv6_addresses": [],
            "key_name": "falseroses-key-Frankfurt",
            "metadata_options": [
              {
                "http_endpoint": "enabled",
                "http_put_response_hop_limit": 1,
                "http_tokens": "optional"
              }
            ],
            "monitoring": false,
            "network_interface": [],
            "outpost_arn": "",
            "password_data": "",
            "placement_group": "",
            "primary_network_interface_id": "eni-09a5c740672bc4336",
            "private_dns": "ip-172-31-2-175.eu-central-1.compute.internal",
            "private_ip": "172.31.2.175",
            "public_dns": "ec2-3-68-221-208.eu-central-1.compute.amazonaws.com",
            "public_ip": "3.68.221.208",
            "root_block_device": [
              {
                "delete_on_termination": true,
                "device_name": "/dev/xvda",
                "encrypted": false,
                "iops": 100,
                "kms_key_id": "",
                "tags": {},
                "throughput": 0,
                "volume_id": "vol-0ca668eb6f67c1942",
                "volume_size": 8,
                "volume_type": "gp2"
              }
            ],
            "secondary_private_ips": [],
            "security_groups": [
              "SSH-Anywhere"
            ],
            "source_dest_check": true,
            "subnet_id": "subnet-5848ca14",
            "tags": {
              "Name": "Ansible-Master"
            },
            "tags_all": {
              "Name": "Ansible-Master"
            },
            "tenancy": "default",
            "timeouts": null,
            "user_data": "f9bb1f95a8c4781aa585fe9d10aa7dfd2d4ebf2a",
            "user_data_base64": null,
            "volume_tags": null,
            "vpc_security_group_ids": [
              "sg-0e238b998c8b2458c"
            ]
          },
          "sensitive_attributes": [],
          "private": "eyJlMmJmYjczMC1lY2FhLTExZTYtOGY4OC0zNDM2M2JjN2M0YzAiOnsiY3JlYXRlIjo2MDAwMDAwMDAwMDAsImRlbGV0ZSI6MTIwMDAwMDAwMDAwMCwidXBkYXRlIjo2MDAwMDAwMDAwMDB9LCJzY2hlbWFfdmVyc2lvbiI6IjEifQ==",
          "dependencies": [
            "data.aws_security_group.SSH-Anywhere"
          ]
        }
      ]
    }
  ]
}
