{
  "version": 4,
  "terraform_version": "1.0.0",
  "serial": 2,
  "lineage": "46d60b26-3089-ba21-6247-ae87480707e9",
  "outputs": {
    "frontend_webserv_private_ip": {
      "value": "172.16.10.189",
      "type": "string"
    },
    "frontend_webserv_public_ip": {
      "value": "18.195.224.83",
      "type": "string"
    }
  },
  "resources": [
    {
      "mode": "data",
      "type": "aws_security_group",
      "name": "my_security_group",
      "provider": "provider[\"registry.terraform.io/hashicorp/aws\"]",
      "instances": [
        {
          "schema_version": 0,
          "attributes": {
            "arn": "arn:aws:ec2:eu-central-1:559140582573:security-group/sg-0c4888ab20e27cd77",
            "description": "WebServer and Redis Security Group",
            "filter": null,
            "id": "sg-0c4888ab20e27cd77",
            "name": "WebServer and Redis Security Group",
            "tags": {
              "Name": "my_security_group"
            },
            "vpc_id": "vpc-013b82220e6d01a47"
          },
          "sensitive_attributes": []
        }
      ]
    },
    {
      "mode": "data",
      "type": "aws_subnet",
      "name": "my_subnet",
      "provider": "provider[\"registry.terraform.io/hashicorp/aws\"]",
      "instances": [
        {
          "schema_version": 0,
          "attributes": {
            "arn": "arn:aws:ec2:eu-central-1:559140582573:subnet/subnet-0199129a8d34d19ce",
            "assign_ipv6_address_on_creation": false,
            "availability_zone": "eu-central-1a",
            "availability_zone_id": "euc1-az2",
            "available_ip_address_count": 249,
            "cidr_block": "172.16.10.0/24",
            "customer_owned_ipv4_pool": "",
            "default_for_az": false,
            "filter": null,
            "id": "subnet-0199129a8d34d19ce",
            "ipv6_cidr_block": null,
            "ipv6_cidr_block_association_id": null,
            "map_customer_owned_ip_on_launch": false,
            "map_public_ip_on_launch": true,
            "outpost_arn": "",
            "owner_id": "559140582573",
            "state": "available",
            "tags": {
              "Name": "my_subnet"
            },
            "vpc_id": "vpc-013b82220e6d01a47"
          },
          "sensitive_attributes": []
        }
      ]
    },
    {
      "mode": "managed",
      "type": "aws_instance",
      "name": "my_frontend_webserv",
      "provider": "provider[\"registry.terraform.io/hashicorp/aws\"]",
      "instances": [
        {
          "schema_version": 1,
          "attributes": {
            "ami": "ami-0bad4a5e987bdebde",
            "arn": "arn:aws:ec2:eu-central-1:559140582573:instance/i-0906f60757f0cb32e",
            "associate_public_ip_address": true,
            "availability_zone": "eu-central-1a",
            "capacity_reservation_specification": [
              {
                "capacity_reservation_preference": "open",
                "capacity_reservation_target": []
              }
            ],
            "cpu_core_count": 1,
            "cpu_threads_per_core": 1,
            "credit_specification": [
              {
                "cpu_credits": "standard"
              }
            ],
            "disable_api_termination": false,
            "ebs_block_device": [],
            "ebs_optimized": false,
            "enclave_options": [
              {
                "enabled": false
              }
            ],
            "ephemeral_block_device": [],
            "get_password_data": false,
            "hibernation": false,
            "host_id": null,
            "iam_instance_profile": "",
            "id": "i-0906f60757f0cb32e",
            "instance_initiated_shutdown_behavior": "stop",
            "instance_state": "running",
            "instance_type": "t2.micro",
            "ipv6_address_count": 0,
            "ipv6_addresses": [],
            "key_name": "",
            "metadata_options": [
              {
                "http_endpoint": "enabled",
                "http_put_response_hop_limit": 1,
                "http_tokens": "optional"
              }
            ],
            "monitoring": false,
            "network_interface": [],
            "outpost_arn": "",
            "password_data": "",
            "placement_group": "",
            "primary_network_interface_id": "eni-04cf73747e43876ad",
            "private_dns": "ip-172-16-10-189.eu-central-1.compute.internal",
            "private_ip": "172.16.10.189",
            "public_dns": "",
            "public_ip": "18.195.224.83",
            "root_block_device": [
              {
                "delete_on_termination": true,
                "device_name": "/dev/xvda",
                "encrypted": false,
                "iops": 100,
                "kms_key_id": "",
                "tags": {},
                "throughput": 0,
                "volume_id": "vol-0c29cc5b9c27db404",
                "volume_size": 8,
                "volume_type": "gp2"
              }
            ],
            "secondary_private_ips": [],
            "security_groups": [],
            "source_dest_check": true,
            "subnet_id": "subnet-0199129a8d34d19ce",
            "tags": {
              "Name": "my_frontend_webserv"
            },
            "tags_all": {
              "Name": "my_frontend_webserv"
            },
            "tenancy": "default",
            "timeouts": null,
            "user_data": "832fd7d070d7833ac767ad77277baf46377505cb",
            "user_data_base64": null,
            "volume_tags": null,
            "vpc_security_group_ids": [
              "sg-0c4888ab20e27cd77"
            ]
          },
          "sensitive_attributes": [],
          "private": "eyJlMmJmYjczMC1lY2FhLTExZTYtOGY4OC0zNDM2M2JjN2M0YzAiOnsiY3JlYXRlIjo2MDAwMDAwMDAwMDAsImRlbGV0ZSI6MTIwMDAwMDAwMDAwMCwidXBkYXRlIjo2MDAwMDAwMDAwMDB9LCJzY2hlbWFfdmVyc2lvbiI6IjEifQ==",
          "dependencies": [
            "data.aws_security_group.my_security_group",
            "data.aws_subnet.my_subnet"
          ]
        }
      ]
    }
  ]
}
